# @generated - this file is auto-generated by `mise lock` https://mise.jdx.dev/dev-tools/mise-lock.html

[[tools.rumdl]]
version = "0.2.75"
backend = "aqua:rvben/rumdl"

[tools.rumdl."platforms.linux-arm64"]
checksum = "sha256:64f6f910d0f1138003098876260989bb704c4e9aeec9991ccdb64fa04d49f713"
url = "https://github.com/rvben/rumdl/releases/download/v0.2.75/rumdl-v0.2.75-aarch64-unknown-linux-gnu.tar.gz"
url_api = "https://api.github.com/repos/rvben/rumdl/releases/assets/577473577"
provenance = "github-attestations"

[tools.rumdl."platforms.linux-arm64-musl"]
checksum = "sha256:2d22c15c13e5c8c8c89993670494bdf4d30c2ae95caeeca30ea6aae3e5466146"
url = "https://github.com/rvben/rumdl/releases/download/v0.2.75/rumdl-v0.2.75-aarch64-unknown-linux-musl.tar.gz"
url_api = "https://api.github.com/repos/rvben/rumdl/releases/assets/577473570"
provenance = "github-attestations"

[tools.rumdl."platforms.linux-x64"]
checksum = "sha256:2831bd2eb58389e805c120463f4f52774fce225fa835111bc412131801d9da90"
url = "https://github.com/rvben/rumdl/releases/download/v0.2.75/rumdl-v0.2.75-x86_64-unknown-linux-gnu.tar.gz"
url_api = "https://api.github.com/repos/rvben/rumdl/releases/assets/577473568"
provenance = "github-attestations"

[tools.rumdl."platforms.linux-x64-musl"]
checksum = "sha256:e9be454f7726e23f91a7a4c91dc33eb17c87a7be67372de586d543c97b3297cc"
url = "https://github.com/rvben/rumdl/releases/download/v0.2.75/rumdl-v0.2.75-x86_64-unknown-linux-musl.tar.gz"
url_api = "https://api.github.com/repos/rvben/rumdl/releases/assets/577473576"
provenance = "github-attestations"

[tools.rumdl."platforms.macos-arm64"]
checksum = "sha256:22771c73a49ab5fb3f426c287bd2f1cc88b5544edfc013eb66723a2789f96c62"
url = "https://github.com/rvben/rumdl/releases/download/v0.2.75/rumdl-v0.2.75-aarch64-apple-darwin.tar.gz"
url_api = "https://api.github.com/repos/rvben/rumdl/releases/assets/577473581"
provenance = "github-attestations"

[tools.rumdl."platforms.macos-x64"]
checksum = "sha256:f1a74c6c56dd578bc7e2c46aa0742451f20d850e1eae178fb717d5e80ad2032e"
url = "https://github.com/rvben/rumdl/releases/download/v0.2.75/rumdl-v0.2.75-x86_64-apple-darwin.tar.gz"
url_api = "https://api.github.com/repos/rvben/rumdl/releases/assets/577473583"
provenance = "github-attestations"

[tools.rumdl."platforms.windows-x64"]
checksum = "sha256:244209b543a307b6ae73b27cd52ac8058f217a6a66d5fe334f07b2377a82ca86"
url = "https://github.com/rvben/rumdl/releases/download/v0.2.75/rumdl-v0.2.75-x86_64-pc-windows-msvc.zip"
url_api = "https://api.github.com/repos/rvben/rumdl/releases/assets/577473582"
provenance = "github-attestations"

