# @generated - this file is auto-generated by `mise lock` https://mise.jdx.dev/dev-tools/mise-lock.html

[[tools.bats]]
version = "1.13.0"
backend = "aqua:bats-core/bats-core"

[[tools.python]]
version = "3.14.6"
backend = "core:python"

[[tools.rumdl]]
version = "0.2.44"
backend = "aqua:rvben/rumdl"

[[tools.shellcheck]]
version = "0.11.0"
backend = "aqua:koalaman/shellcheck"
